
Microsoft Visual Studio Solution File, Format Version 12.00
# Visual Studio Version 16
VisualStudioVersion = 16.0.30804.86
MinimumVisualStudioVersion = 10.0.40219.1
Project("{9A19103F-16F7-4668-BE54-9A1E7A4F7556}") = "Fakebook.RestApi", "Fakebook.RestApi\Fakebook.RestApi.csproj", "{5F4A9835-FCB3-42B7-A362-CDFF1AB9CC7C}"
	ProjectSection(ProjectDependencies) = postProject
		{974B56A2-9058-4F35-A104-D7D2F1409625} = {974B56A2-9058-4F35-A104-D7D2F1409625}
	EndProjectSection
EndProject
Project("{9A19103F-16F7-4668-BE54-9A1E7A4F7556}") = "Fakebook.DataAccess", "Fakebook.DataAccess\Fakebook.DataAccess.csproj", "{974B56A2-9058-4F35-A104-D7D2F1409625}"
EndProject
Project("{9A19103F-16F7-4668-BE54-9A1E7A4F7556}") = "Fakebook.UnitTests", "Fakebook.UnitTests\Fakebook.UnitTests.csproj", "{D235A44A-886A-41D5-9B07-1286A34A3F75}"
EndProject
Project("{9A19103F-16F7-4668-BE54-9A1E7A4F7556}") = "Fakebook.Domain", "Fakebook.Domain\Fakebook.Domain.csproj", "{D4B33FA5-FC55-4A2F-8CEB-596AFEB9C613}"
EndProject
Global
	GlobalSection(SolutionConfigurationPlatforms) = preSolution
		Debug|Any CPU = Debug|Any CPU
		Release|Any CPU = Release|Any CPU
	EndGlobalSection
	GlobalSection(ProjectConfigurationPlatforms) = postSolution
		{5F4A9835-FCB3-42B7-A362-CDFF1AB9CC7C}.Debug|Any CPU.ActiveCfg = Debug|Any CPU
		{5F4A9835-FCB3-42B7-A362-CDFF1AB9CC7C}.Debug|Any CPU.Build.0 = Debug|Any CPU
		{5F4A9835-FCB3-42B7-A362-CDFF1AB9CC7C}.Release|Any CPU.ActiveCfg = Release|Any CPU
		{5F4A9835-FCB3-42B7-A362-CDFF1AB9CC7C}.Release|Any CPU.Build.0 = Release|Any CPU
		{974B56A2-9058-4F35-A104-D7D2F1409625}.Debug|Any CPU.ActiveCfg = Debug|Any CPU
		{974B56A2-9058-4F35-A104-D7D2F1409625}.Debug|Any CPU.Build.0 = Debug|Any CPU
		{974B56A2-9058-4F35-A104-D7D2F1409625}.Release|Any CPU.ActiveCfg = Release|Any CPU
		{974B56A2-9058-4F35-A104-D7D2F1409625}.Release|Any CPU.Build.0 = Release|Any CPU
		{D235A44A-886A-41D5-9B07-1286A34A3F75}.Debug|Any CPU.ActiveCfg = Debug|Any CPU
		{D235A44A-886A-41D5-9B07-1286A34A3F75}.Debug|Any CPU.Build.0 = Debug|Any CPU
		{D235A44A-886A-41D5-9B07-1286A34A3F75}.Release|Any CPU.ActiveCfg = Release|Any CPU
		{D235A44A-886A-41D5-9B07-1286A34A3F75}.Release|Any CPU.Build.0 = Release|Any CPU
		{D4B33FA5-FC55-4A2F-8CEB-596AFEB9C613}.Debug|Any CPU.ActiveCfg = Debug|Any CPU
		{D4B33FA5-FC55-4A2F-8CEB-596AFEB9C613}.Debug|Any CPU.Build.0 = Debug|Any CPU
		{D4B33FA5-FC55-4A2F-8CEB-596AFEB9C613}.Release|Any CPU.ActiveCfg = Release|Any CPU
		{D4B33FA5-FC55-4A2F-8CEB-596AFEB9C613}.Release|Any CPU.Build.0 = Release|Any CPU
	EndGlobalSection
	GlobalSection(SolutionProperties) = preSolution
		HideSolutionNode = FALSE
	EndGlobalSection
	GlobalSection(ExtensibilityGlobals) = postSolution
		SolutionGuid = {B8DB4BA4-61CA-49E2-BBF0-34E30800DF1B}
	EndGlobalSection
EndGlobal
